
Microsoft Visual Studio Solution File, Format Version 12.00
# Visual Studio Version 16
VisualStudioVersion = 16.0.30128.74
MinimumVisualStudioVersion = 10.0.40219.1
Project("{2150E333-8FDC-42A3-9474-1A3956D46DE8}") = "examples", "examples", "{3D8B2930-6C3D-432B-843E-6D522B30E453}"
EndProject
Project("{2150E333-8FDC-42A3-9474-1A3956D46DE8}") = "tools", "tools", "{8ECF1D59-6726-4876-A81C-CDF3FAE48883}"
EndProject
Project("{2150E333-8FDC-42A3-9474-1A3956D46DE8}") = "src", "src", "{1A71057C-FBC5-44C8-B053-E816CDAA6F54}"
EndProject
Project("{9A19103F-16F7-4668-BE54-9A1E7A4F7556}") = "OAuth2Net", "src\OAuth2Net\OAuth2Net.csproj", "{C491C560-EBFC-44BA-BC25-8552DF736701}"
EndProject
Project("{9A19103F-16F7-4668-BE54-9A1E7A4F7556}") = "OAuth2Net.Host", "src\OAuth2Net.Host\OAuth2Net.Host.csproj", "{EB7E2C4D-1CF6-4143-B7FA-53041F4C11DC}"
EndProject
Project("{9A19103F-16F7-4668-BE54-9A1E7A4F7556}") = "OAuth2Net.Redis", "src\OAuth2Net.Redis\OAuth2Net.Redis.csproj", "{A5DE8881-FB20-4E1B-A9A7-03D17CB36B98}"
EndProject
Project("{9A19103F-16F7-4668-BE54-9A1E7A4F7556}") = "X509SecretEncryptor", "tools\X509SecretEncryptor\X509SecretEncryptor.csproj", "{493FD8CA-CFA9-4015-9123-32E33776A9ED}"
EndProject
Project("{9A19103F-16F7-4668-BE54-9A1E7A4F7556}") = "api", "examples\api\api.csproj", "{D9BEC02A-7FCD-4DEF-B313-AE199B35FE8A}"
EndProject
Project("{9A19103F-16F7-4668-BE54-9A1E7A4F7556}") = "auth", "examples\auth\auth.csproj", "{85CE0EB1-AB7A-4874-815D-312CCD4F4740}"
EndProject
Project("{9A19103F-16F7-4668-BE54-9A1E7A4F7556}") = "client", "examples\client\client.csproj", "{5786E8D1-EDE0-4DDF-B87E-1CF7E8A9E252}"
EndProject
Global
	GlobalSection(SolutionConfigurationPlatforms) = preSolution
		Debug|Any CPU = Debug|Any CPU
		Release|Any CPU = Release|Any CPU
	EndGlobalSection
	GlobalSection(ProjectConfigurationPlatforms) = postSolution
		{C491C560-EBFC-44BA-BC25-8552DF736701}.Debug|Any CPU.ActiveCfg = Debug|Any CPU
		{C491C560-EBFC-44BA-BC25-8552DF736701}.Debug|Any CPU.Build.0 = Debug|Any CPU
		{C491C560-EBFC-44BA-BC25-8552DF736701}.Release|Any CPU.ActiveCfg = Release|Any CPU
		{C491C560-EBFC-44BA-BC25-8552DF736701}.Release|Any CPU.Build.0 = Release|Any CPU
		{EB7E2C4D-1CF6-4143-B7FA-53041F4C11DC}.Debug|Any CPU.ActiveCfg = Debug|Any CPU
		{EB7E2C4D-1CF6-4143-B7FA-53041F4C11DC}.Debug|Any CPU.Build.0 = Debug|Any CPU
		{EB7E2C4D-1CF6-4143-B7FA-53041F4C11DC}.Release|Any CPU.ActiveCfg = Release|Any CPU
		{EB7E2C4D-1CF6-4143-B7FA-53041F4C11DC}.Release|Any CPU.Build.0 = Release|Any CPU
		{A5DE8881-FB20-4E1B-A9A7-03D17CB36B98}.Debug|Any CPU.ActiveCfg = Debug|Any CPU
		{A5DE8881-FB20-4E1B-A9A7-03D17CB36B98}.Debug|Any CPU.Build.0 = Debug|Any CPU
		{A5DE8881-FB20-4E1B-A9A7-03D17CB36B98}.Release|Any CPU.ActiveCfg = Release|Any CPU
		{A5DE8881-FB20-4E1B-A9A7-03D17CB36B98}.Release|Any CPU.Build.0 = Release|Any CPU
		{493FD8CA-CFA9-4015-9123-32E33776A9ED}.Debug|Any CPU.ActiveCfg = Debug|Any CPU
		{493FD8CA-CFA9-4015-9123-32E33776A9ED}.Debug|Any CPU.Build.0 = Debug|Any CPU
		{493FD8CA-CFA9-4015-9123-32E33776A9ED}.Release|Any CPU.ActiveCfg = Release|Any CPU
		{493FD8CA-CFA9-4015-9123-32E33776A9ED}.Release|Any CPU.Build.0 = Release|Any CPU
		{D9BEC02A-7FCD-4DEF-B313-AE199B35FE8A}.Debug|Any CPU.ActiveCfg = Debug|Any CPU
		{D9BEC02A-7FCD-4DEF-B313-AE199B35FE8A}.Debug|Any CPU.Build.0 = Debug|Any CPU
		{D9BEC02A-7FCD-4DEF-B313-AE199B35FE8A}.Release|Any CPU.ActiveCfg = Release|Any CPU
		{D9BEC02A-7FCD-4DEF-B313-AE199B35FE8A}.Release|Any CPU.Build.0 = Release|Any CPU
		{85CE0EB1-AB7A-4874-815D-312CCD4F4740}.Debug|Any CPU.ActiveCfg = Debug|Any CPU
		{85CE0EB1-AB7A-4874-815D-312CCD4F4740}.Debug|Any CPU.Build.0 = Debug|Any CPU
		{85CE0EB1-AB7A-4874-815D-312CCD4F4740}.Release|Any CPU.ActiveCfg = Release|Any CPU
		{85CE0EB1-AB7A-4874-815D-312CCD4F4740}.Release|Any CPU.Build.0 = Release|Any CPU
		{5786E8D1-EDE0-4DDF-B87E-1CF7E8A9E252}.Debug|Any CPU.ActiveCfg = Debug|Any CPU
		{5786E8D1-EDE0-4DDF-B87E-1CF7E8A9E252}.Debug|Any CPU.Build.0 = Debug|Any CPU
		{5786E8D1-EDE0-4DDF-B87E-1CF7E8A9E252}.Release|Any CPU.ActiveCfg = Release|Any CPU
		{5786E8D1-EDE0-4DDF-B87E-1CF7E8A9E252}.Release|Any CPU.Build.0 = Release|Any CPU
	EndGlobalSection
	GlobalSection(SolutionProperties) = preSolution
		HideSolutionNode = FALSE
	EndGlobalSection
	GlobalSection(NestedProjects) = preSolution
		{C491C560-EBFC-44BA-BC25-8552DF736701} = {1A71057C-FBC5-44C8-B053-E816CDAA6F54}
		{EB7E2C4D-1CF6-4143-B7FA-53041F4C11DC} = {1A71057C-FBC5-44C8-B053-E816CDAA6F54}
		{A5DE8881-FB20-4E1B-A9A7-03D17CB36B98} = {1A71057C-FBC5-44C8-B053-E816CDAA6F54}
		{493FD8CA-CFA9-4015-9123-32E33776A9ED} = {8ECF1D59-6726-4876-A81C-CDF3FAE48883}
		{D9BEC02A-7FCD-4DEF-B313-AE199B35FE8A} = {3D8B2930-6C3D-432B-843E-6D522B30E453}
		{85CE0EB1-AB7A-4874-815D-312CCD4F4740} = {3D8B2930-6C3D-432B-843E-6D522B30E453}
		{5786E8D1-EDE0-4DDF-B87E-1CF7E8A9E252} = {3D8B2930-6C3D-432B-843E-6D522B30E453}
	EndGlobalSection
	GlobalSection(ExtensibilityGlobals) = postSolution
		SolutionGuid = {CF867463-12D7-41D6-B26F-64260974E1A0}
	EndGlobalSection
EndGlobal
